
Microsoft Visual Studio Solution File, Format Version 12.00
# Visual Studio Version 17
VisualStudioVersion = 17.2.32630.192
MinimumVisualStudioVersion = 10.0.40219.1
Project("{9A19103F-16F7-4668-BE54-9A1E7A4F7556}") = "PacketMultiplexer", "PacketMultiplexer\PacketMultiplexer.csproj", "{A40CFFAF-2298-47D5-8640-B34B9B0A94F2}"
EndProject
Global
	GlobalSection(SolutionConfigurationPlatforms) = preSolution
		Debug|Any CPU = Debug|Any CPU
		Release|Any CPU = Release|Any CPU
	EndGlobalSection
	GlobalSection(ProjectConfigurationPlatforms) = postSolution
		{A40CFFAF-2298-47D5-8640-B34B9B0A94F2}.Debug|Any CPU.ActiveCfg = Debug|Any CPU
		{A40CFFAF-2298-47D5-8640-B34B9B0A94F2}.Debug|Any CPU.Build.0 = Debug|Any CPU
		{A40CFFAF-2298-47D5-8640-B34B9B0A94F2}.Release|Any CPU.ActiveCfg = Release|Any CPU
		{A40CFFAF-2298-47D5-8640-B34B9B0A94F2}.Release|Any CPU.Build.0 = Release|Any CPU
	EndGlobalSection
	GlobalSection(SolutionProperties) = preSolution
		HideSolutionNode = FALSE
	EndGlobalSection
	GlobalSection(ExtensibilityGlobals) = postSolution
		SolutionGuid = {1B584773-4850-4228-857E-6FD1460564AA}
	EndGlobalSection
EndGlobal
