
Microsoft Visual Studio Solution File, Format Version 12.00
# Visual Studio Version 17
VisualStudioVersion = 17.2.32630.192
MinimumVisualStudioVersion = 10.0.40219.1
Project("{9A19103F-16F7-4668-BE54-9A1E7A4F7556}") = "PacketMultiplexer", "PacketMultiplexer\PacketMultiplexer.csproj", "{A40CFFAF-2298-47D5-8640-B34B9B0A94F2}"
EndProject
Project("{9A19103F-16F7-4668-BE54-9A1E7A4F7556}") = "PacketInspector", "PacketInspector\PacketInspector.csproj", "{4B1F0F0A-FBEE-4F4D-9B4A-42DEAC1275A2}"
EndProject
Project("{2150E333-8FDC-42A3-9474-1A3956D46DE8}") = "Solution Items", "Solution Items", "{189277C7-408B-43F0-B909-1F4B30406D89}"
	ProjectSection(SolutionItems) = preProject
		.editorconfig = .editorconfig
	EndProjectSection
EndProject
Global
	GlobalSection(SolutionConfigurationPlatforms) = preSolution
		Debug|Any CPU = Debug|Any CPU
		Release|Any CPU = Release|Any CPU
	EndGlobalSection
	GlobalSection(ProjectConfigurationPlatforms) = postSolution
		{A40CFFAF-2298-47D5-8640-B34B9B0A94F2}.Debug|Any CPU.ActiveCfg = Debug|Any CPU
		{A40CFFAF-2298-47D5-8640-B34B9B0A94F2}.Debug|Any CPU.Build.0 = Debug|Any CPU
		{A40CFFAF-2298-47D5-8640-B34B9B0A94F2}.Release|Any CPU.ActiveCfg = Release|Any CPU
		{A40CFFAF-2298-47D5-8640-B34B9B0A94F2}.Release|Any CPU.Build.0 = Release|Any CPU
		{4B1F0F0A-FBEE-4F4D-9B4A-42DEAC1275A2}.Debug|Any CPU.ActiveCfg = Debug|Any CPU
		{4B1F0F0A-FBEE-4F4D-9B4A-42DEAC1275A2}.Debug|Any CPU.Build.0 = Debug|Any CPU
		{4B1F0F0A-FBEE-4F4D-9B4A-42DEAC1275A2}.Release|Any CPU.ActiveCfg = Release|Any CPU
		{4B1F0F0A-FBEE-4F4D-9B4A-42DEAC1275A2}.Release|Any CPU.Build.0 = Release|Any CPU
	EndGlobalSection
	GlobalSection(SolutionProperties) = preSolution
		HideSolutionNode = FALSE
	EndGlobalSection
	GlobalSection(ExtensibilityGlobals) = postSolution
		SolutionGuid = {1B584773-4850-4228-857E-6FD1460564AA}
	EndGlobalSection
EndGlobal
